
Microsoft Visual Studio Solution File, Format Version 12.00
Project("{FAE04EC0-301F-11D3-BF4B-00C04F79EFBC}") = "Vali-Mediator", "Vali-Mediator\Vali-Mediator.csproj", "{BA0023B5-FC52-47FD-BE13-45038AD98B3C}"
EndProject
Global
	GlobalSection(SolutionConfigurationPlatforms) = preSolution
		Debug|Any CPU = Debug|Any CPU
		Release|Any CPU = Release|Any CPU
	EndGlobalSection
	GlobalSection(ProjectConfigurationPlatforms) = postSolution
		{BA0023B5-FC52-47FD-BE13-45038AD98B3C}.Debug|Any CPU.ActiveCfg = Debug|Any CPU
		{BA0023B5-FC52-47FD-BE13-45038AD98B3C}.Debug|Any CPU.Build.0 = Debug|Any CPU
		{BA0023B5-FC52-47FD-BE13-45038AD98B3C}.Release|Any CPU.ActiveCfg = Release|Any CPU
		{BA0023B5-FC52-47FD-BE13-45038AD98B3C}.Release|Any CPU.Build.0 = Release|Any CPU
	EndGlobalSection
EndGlobal
